
Microsoft Visual Studio Solution File, Format Version 12.00
# Visual Studio Version 17
VisualStudioVersion = 17.6.35430.205
MinimumVisualStudioVersion = 10.0.40219.1
Project("{FAE04EC0-301F-11D3-BF4B-00C04F79EFBC}") = "FinalPart", "FinalPart\FinalPart.csproj", "{B56E4EAB-A6EC-4243-B840-14E41F7084B8}"
EndProject
Global
	GlobalSection(SolutionConfigurationPlatforms) = preSolution
		Debug|Any CPU = Debug|Any CPU
		Release|Any CPU = Release|Any CPU
	EndGlobalSection
	GlobalSection(ProjectConfigurationPlatforms) = postSolution
		{B56E4EAB-A6EC-4243-B840-14E41F7084B8}.Debug|Any CPU.ActiveCfg = Debug|Any CPU
		{B56E4EAB-A6EC-4243-B840-14E41F7084B8}.Debug|Any CPU.Build.0 = Debug|Any CPU
		{B56E4EAB-A6EC-4243-B840-14E41F7084B8}.Release|Any CPU.ActiveCfg = Release|Any CPU
		{B56E4EAB-A6EC-4243-B840-14E41F7084B8}.Release|Any CPU.Build.0 = Release|Any CPU
	EndGlobalSection
	GlobalSection(SolutionProperties) = preSolution
		HideSolutionNode = FALSE
	EndGlobalSection
	GlobalSection(ExtensibilityGlobals) = postSolution
		SolutionGuid = {6CE0BD44-A4D1-46F8-84AD-86CADF62C726}
	EndGlobalSection
EndGlobal
